
Microsoft Visual Studio Solution File, Format Version 12.00
# Visual Studio Version 16
VisualStudioVersion = 16.0.30204.135
MinimumVisualStudioVersion = 10.0.40219.1
Project("{FAE04EC0-301F-11D3-BF4B-00C04F79EFBC}") = "Text Editor", "Text Editor.csproj", "{AE908DC4-B16F-477A-93D2-FC3C610FDDE1}"
EndProject
Global
	GlobalSection(SolutionConfigurationPlatforms) = preSolution
		Debug|Any CPU = Debug|Any CPU
		Release|Any CPU = Release|Any CPU
	EndGlobalSection
	GlobalSection(ProjectConfigurationPlatforms) = postSolution
		{AE908DC4-B16F-477A-93D2-FC3C610FDDE1}.Debug|Any CPU.ActiveCfg = Debug|Any CPU
		{AE908DC4-B16F-477A-93D2-FC3C610FDDE1}.Debug|Any CPU.Build.0 = Debug|Any CPU
		{AE908DC4-B16F-477A-93D2-FC3C610FDDE1}.Release|Any CPU.ActiveCfg = Release|Any CPU
		{AE908DC4-B16F-477A-93D2-FC3C610FDDE1}.Release|Any CPU.Build.0 = Release|Any CPU
	EndGlobalSection
	GlobalSection(SolutionProperties) = preSolution
		HideSolutionNode = FALSE
	EndGlobalSection
	GlobalSection(ExtensibilityGlobals) = postSolution
		SolutionGuid = {2519BCAB-B7ED-4A2E-928F-B0EBECB2DE8F}
	EndGlobalSection
EndGlobal
